<?xml version="1.0" encoding="utf-8"?>
<Project ToolsVersion="4.0" xmlns="http://schemas.microsoft.com/developer/msbuild/2003">
  <ItemGroup>
    <Filter Include="Исходные файлы">
      <UniqueIdentifier>{4FC737F1-C7A5-4376-A066-2A32D752A2FF}</UniqueIdentifier>
      <Extensions>cpp;c;cc;cxx;c++;cppm;ixx;def;odl;idl;hpj;bat;asm;asmx</Extensions>
    </Filter>
  </ItemGroup>
  <ItemGroup>
    <ClCompile Include="Source\World\Entity\Entity.cpp">
      <Filter>Исходные файлы</Filter>
    </ClCompile>
    <ClCompile Include="Source\World\Entity\Entity.ixx">
      <Filter>Исходные файлы</Filter>
    </ClCompile>
    <ClCompile Include="Source\World\WorldChunk\WorldChunk.cpp">
      <Filter>Исходные файлы</Filter>
    </ClCompile>
    <ClCompile Include="Source\World\WorldChunk\WorldChunk.ixx">
      <Filter>Исходные файлы</Filter>
    </ClCompile>
    <ClCompile Include="Source\World\World.cpp">
      <Filter>Исходные файлы</Filter>
    </ClCompile>
    <ClCompile Include="Source\World\World.ixx">
      <Filter>Исходные файлы</Filter>
    </ClCompile>
    <ClCompile Include="Source\Additional\Vector3DGLM.ixx">
      <Filter>Исходные файлы</Filter>
    </ClCompile>
    <ClCompile Include="Source\Application\Engine\CreatureControls\CreatureControls.cpp">
      <Filter>Исходные файлы</Filter>
    </ClCompile>
    <ClCompile Include="Source\Application\Engine\CreatureControls\CreatureControls.ixx">
      <Filter>Исходные файлы</Filter>
    </ClCompile>
    <ClCompile Include="Source\Application\Engine\Render\Camera\RenderCamera.cpp">
      <Filter>Исходные файлы</Filter>
    </ClCompile>
    <ClCompile Include="Source\Application\Engine\Render\Camera\RenderCamera.ixx">
      <Filter>Исходные файлы</Filter>
    </ClCompile>
    <ClCompile Include="Source\Application\Engine\Render\Chunk\Vertex\RenderChunkVertex.cpp">
      <Filter>Исходные файлы</Filter>
    </ClCompile>
    <ClCompile Include="Source\Application\Engine\Render\Chunk\Vertex\RenderChunkVertex.ixx">
      <Filter>Исходные файлы</Filter>
    </ClCompile>
    <ClCompile Include="Source\Application\Engine\Render\Chunk\RenderChunk.cpp">
      <Filter>Исходные файлы</Filter>
    </ClCompile>
    <ClCompile Include="Source\Application\Engine\Render\Chunk\RenderChunk.ixx">
      <Filter>Исходные файлы</Filter>
    </ClCompile>
    <ClCompile Include="Source\Application\Engine\Render\TexturePackage\TexturePackage.cpp">
      <Filter>Исходные файлы</Filter>
    </ClCompile>
    <ClCompile Include="Source\Application\Engine\Render\TexturePackage\TexturePackage.ixx">
      <Filter>Исходные файлы</Filter>
    </ClCompile>
    <ClCompile Include="Source\Application\Engine\Render\Cube.ixx">
      <Filter>Исходные файлы</Filter>
    </ClCompile>
    <ClCompile Include="Source\Application\Engine\Render\Render.cpp">
      <Filter>Исходные файлы</Filter>
    </ClCompile>
    <ClCompile Include="Source\Application\Engine\Render\Render.ixx">
      <Filter>Исходные файлы</Filter>
    </ClCompile>
    <ClCompile Include="Source\Application\Engine\Engine.cpp">
      <Filter>Исходные файлы</Filter>
    </ClCompile>
    <ClCompile Include="Source\Application\Engine\Engine.ixx">
      <Filter>Исходные файлы</Filter>
    </ClCompile>
    <ClCompile Include="Source\Application\Memory\Memory.cpp">
      <Filter>Исходные файлы</Filter>
    </ClCompile>
    <ClCompile Include="Source\Application\Memory\Memory.ixx">
      <Filter>Исходные файлы</Filter>
    </ClCompile>
    <ClCompile Include="Source\Application\Menu\Menu.ixx">
      <Filter>Исходные файлы</Filter>
    </ClCompile>
    <ClCompile Include="Source\Application\Scene\Scene.cpp">
      <Filter>Исходные файлы</Filter>
    </ClCompile>
    <ClCompile Include="Source\Application\Scene\Scene.ixx">
      <Filter>Исходные файлы</Filter>
    </ClCompile>
    <ClCompile Include="Source\Application\Application.cpp">
      <Filter>Исходные файлы</Filter>
    </ClCompile>
    <ClCompile Include="Source\Application\Application.ixx">
      <Filter>Исходные файлы</Filter>
    </ClCompile>
    <ClCompile Include="Source\Graphics\Camera\Camera.cpp">
      <Filter>Исходные файлы</Filter>
    </ClCompile>
    <ClCompile Include="Source\Graphics\Camera\Camera.ixx">
      <Filter>Исходные файлы</Filter>
    </ClCompile>
    <ClCompile Include="Source\Graphics\Drawing\DrawObject\Mesh\Mesh.cpp">
      <Filter>Исходные файлы</Filter>
    </ClCompile>
    <ClCompile Include="Source\Graphics\Drawing\DrawObject\Mesh\Mesh.ixx">
      <Filter>Исходные файлы</Filter>
    </ClCompile>
    <ClCompile Include="Source\Graphics\Drawing\DrawObject\DrawObject.cpp">
      <Filter>Исходные файлы</Filter>
    </ClCompile>
    <ClCompile Include="Source\Graphics\Drawing\DrawObject\DrawObject.ixx">
      <Filter>Исходные файлы</Filter>
    </ClCompile>
    <ClCompile Include="Source\Graphics\Drawing\DrawTarget\DrawTarget.cpp">
      <Filter>Исходные файлы</Filter>
    </ClCompile>
    <ClCompile Include="Source\Graphics\Drawing\DrawTarget\DrawTarget.ixx">
      <Filter>Исходные файлы</Filter>
    </ClCompile>
    <ClCompile Include="Source\Graphics\Drawing\Framebuffer\Vertex\FramebufferVertex.cpp">
      <Filter>Исходные файлы</Filter>
    </ClCompile>
    <ClCompile Include="Source\Graphics\Drawing\Framebuffer\Vertex\FramebufferVertex.ixx">
      <Filter>Исходные файлы</Filter>
    </ClCompile>
    <ClCompile Include="Source\Graphics\Drawing\Framebuffer\Framebuffer.cpp">
      <Filter>Исходные файлы</Filter>
    </ClCompile>
    <ClCompile Include="Source\Graphics\Drawing\Framebuffer\Framebuffer.ixx">
      <Filter>Исходные файлы</Filter>
    </ClCompile>
    <ClCompile Include="Source\Graphics\ShaderProgram\ShaderObject\ShaderObject.cpp">
      <Filter>Исходные файлы</Filter>
    </ClCompile>
    <ClCompile Include="Source\Graphics\ShaderProgram\ShaderObject\ShaderObject.ixx">
      <Filter>Исходные файлы</Filter>
    </ClCompile>
    <ClCompile Include="Source\Graphics\ShaderProgram\ShaderProgram.cpp">
      <Filter>Исходные файлы</Filter>
    </ClCompile>
    <ClCompile Include="Source\Graphics\ShaderProgram\ShaderProgram.ixx">
      <Filter>Исходные файлы</Filter>
    </ClCompile>
    <ClCompile Include="Source\Graphics\Sprite\Sprite.cpp">
      <Filter>Исходные файлы</Filter>
    </ClCompile>
    <ClCompile Include="Source\Graphics\Sprite\Sprite.ixx">
      <Filter>Исходные файлы</Filter>
    </ClCompile>
    <ClCompile Include="Source\Graphics\Textures\Texture\Texture.cpp">
      <Filter>Исходные файлы</Filter>
    </ClCompile>
    <ClCompile Include="Source\Graphics\Textures\Texture\Texture.ixx">
      <Filter>Исходные файлы</Filter>
    </ClCompile>
    <ClCompile Include="Source\Graphics\Textures\Texture2D\Texture2D.cpp">
      <Filter>Исходные файлы</Filter>
    </ClCompile>
    <ClCompile Include="Source\Graphics\Textures\Texture2D\Texture2D.ixx">
      <Filter>Исходные файлы</Filter>
    </ClCompile>
    <ClCompile Include="Source\Graphics\Textures\Texture3D\Texture3D.cpp">
      <Filter>Исходные файлы</Filter>
    </ClCompile>
    <ClCompile Include="Source\Graphics\Textures\Texture3D\Texture3D.ixx">
      <Filter>Исходные файлы</Filter>
    </ClCompile>
    <ClCompile Include="Source\Graphics\Vertex\Vertex.cpp">
      <Filter>Исходные файлы</Filter>
    </ClCompile>
    <ClCompile Include="Source\Graphics\Vertex\Vertex.ixx">
      <Filter>Исходные файлы</Filter>
    </ClCompile>
    <ClCompile Include="Source\Graphics\Window\Event\Event.cpp">
      <Filter>Исходные файлы</Filter>
    </ClCompile>
    <ClCompile Include="Source\Graphics\Window\Event\Event.ixx">
      <Filter>Исходные файлы</Filter>
    </ClCompile>
    <ClCompile Include="Source\Graphics\Window\Window.cpp">
      <Filter>Исходные файлы</Filter>
    </ClCompile>
    <ClCompile Include="Source\Graphics\Window\Window.ixx">
      <Filter>Исходные файлы</Filter>
    </ClCompile>
    <ClCompile Include="Source\Interface\Button\Button.cpp">
      <Filter>Исходные файлы</Filter>
    </ClCompile>
    <ClCompile Include="Source\Interface\Button\Button.ixx">
      <Filter>Исходные файлы</Filter>
    </ClCompile>
    <ClCompile Include="Source\Interface\Rectangle\Rectangle.cpp">
      <Filter>Исходные файлы</Filter>
    </ClCompile>
    <ClCompile Include="Source\Interface\Rectangle\Rectangle.ixx">
      <Filter>Исходные файлы</Filter>
    </ClCompile>
    <ClCompile Include="Source\Interface\Vector2D\Vector2D.cpp">
      <Filter>Исходные файлы</Filter>
    </ClCompile>
    <ClCompile Include="Source\Interface\Vector2D\Vector2D.ixx">
      <Filter>Исходные файлы</Filter>
    </ClCompile>
    <ClCompile Include="Source\Interface\Vertex\InterfaceVertex.cpp">
      <Filter>Исходные файлы</Filter>
    </ClCompile>
    <ClCompile Include="Source\Interface\Vertex\InterfaceVertex.ixx">
      <Filter>Исходные файлы</Filter>
    </ClCompile>
    <ClCompile Include="Source\Network\Client\Client.cpp">
      <Filter>Исходные файлы</Filter>
    </ClCompile>
    <ClCompile Include="Source\Network\Client\Client.ixx">
      <Filter>Исходные файлы</Filter>
    </ClCompile>
    <ClCompile Include="..\Sandcore-Server\Source\World\Block\Block.cpp">
      <Filter>Исходные файлы</Filter>
    </ClCompile>
    <ClCompile Include="..\Sandcore-Server\Source\World\Block\Block.ixx">
      <Filter>Исходные файлы</Filter>
    </ClCompile>
    <ClCompile Include="..\Sandcore-Server\Source\World\Bounds\Bounds.ixx">
      <Filter>Исходные файлы</Filter>
    </ClCompile>
    <ClCompile Include="..\Sandcore-Engine\Network\Connection\Connection.cpp">
      <Filter>Исходные файлы</Filter>
    </ClCompile>
    <ClCompile Include="..\Sandcore-Engine\Network\Connection\Connection.ixx">
      <Filter>Исходные файлы</Filter>
    </ClCompile>
    <ClCompile Include="..\Sandcore-Engine\Network\Message\Byte.ixx">
      <Filter>Исходные файлы</Filter>
    </ClCompile>
    <ClCompile Include="..\Sandcore-Engine\Network\Message\Message.cpp">
      <Filter>Исходные файлы</Filter>
    </ClCompile>
    <ClCompile Include="..\Sandcore-Engine\Network\Message\Message.ixx">
      <Filter>Исходные файлы</Filter>
    </ClCompile>
    <ClCompile Include="..\Sandcore-Engine\Network\ThreadSafeQueue\ThreadSafeQueue.cpp">
      <Filter>Исходные файлы</Filter>
    </ClCompile>
    <ClCompile Include="..\Sandcore-Engine\Network\ThreadSafeQueue\ThreadSafeQueue.ixx">
      <Filter>Исходные файлы</Filter>
    </ClCompile>
    <ClCompile Include="..\Sandcore-Engine\Common\Clock\Clock.cpp">
      <Filter>Исходные файлы</Filter>
    </ClCompile>
    <ClCompile Include="..\Sandcore-Engine\Common\Clock\Clock.ixx">
      <Filter>Исходные файлы</Filter>
    </ClCompile>
    <ClCompile Include="..\Sandcore-Engine\Common\TPS\TPS.ixx">
      <Filter>Исходные файлы</Filter>
    </ClCompile>
    <ClCompile Include="..\Sandcore-Engine\Common\Vector3D\Vector3D.cpp">
      <Filter>Исходные файлы</Filter>
    </ClCompile>
    <ClCompile Include="..\Sandcore-Engine\Common\Vector3D\Vector3D.ixx">
      <Filter>Исходные файлы</Filter>
    </ClCompile>
    <ClCompile Include="..\Sandcore-Engine\Common\Vector3D\Vector3DHash.ixx">
      <Filter>Исходные файлы</Filter>
    </ClCompile>
    <ClCompile Include="..\Sandcore-Engine\Graphics\Image\Image.cpp">
      <Filter>Исходные файлы</Filter>
    </ClCompile>
    <ClCompile Include="..\Sandcore-Engine\Graphics\Image\Image.ixx">
      <Filter>Исходные файлы</Filter>
    </ClCompile>
    <ClCompile Include="Source\main.cpp">
      <Filter>Исходные файлы</Filter>
    </ClCompile>
  </ItemGroup>
</Project>